
Microsoft Visual Studio Solution File, Format Version 12.00
# Visual Studio Version 17
VisualStudioVersion = 17.4.33213.308
MinimumVisualStudioVersion = 10.0.40219.1
Project("{9A19103F-16F7-4668-BE54-9A1E7A4F7556}") = "PaymentAPI", "tech-test-payment-api\PaymentAPI.csproj", "{1D163410-2938-4421-A7B8-EF17CB1509D7}"
EndProject
Global
	GlobalSection(SolutionConfigurationPlatforms) = preSolution
		Debug|Any CPU = Debug|Any CPU
		Release|Any CPU = Release|Any CPU
	EndGlobalSection
	GlobalSection(ProjectConfigurationPlatforms) = postSolution
		{1D163410-2938-4421-A7B8-EF17CB1509D7}.Debug|Any CPU.ActiveCfg = Debug|Any CPU
		{1D163410-2938-4421-A7B8-EF17CB1509D7}.Debug|Any CPU.Build.0 = Debug|Any CPU
		{1D163410-2938-4421-A7B8-EF17CB1509D7}.Release|Any CPU.ActiveCfg = Release|Any CPU
		{1D163410-2938-4421-A7B8-EF17CB1509D7}.Release|Any CPU.Build.0 = Release|Any CPU
	EndGlobalSection
	GlobalSection(SolutionProperties) = preSolution
		HideSolutionNode = FALSE
	EndGlobalSection
	GlobalSection(ExtensibilityGlobals) = postSolution
		SolutionGuid = {11D3D6A2-5C0C-42D9-8DA6-408CF6C0D9A4}
	EndGlobalSection
EndGlobal
